// !$*UTF8*$!
{
	archiveVersion = 1;
	classes = {
	};
	objectVersion = 55;
	objects = {

/* Begin PBXBuildFile section */
		63951EBB2833E71D001DF8A0 /* AppDelegate.swift in Sources */ = {isa = PBXBuildFile; fileRef = 63951EBA2833E71D001DF8A0 /* AppDelegate.swift */; };
		63951EBD2833E71D001DF8A0 /* SceneDelegate.swift in Sources */ = {isa = PBXBuildFile; fileRef = 63951EBC2833E71D001DF8A0 /* SceneDelegate.swift */; };
		63951EBF2833E71D001DF8A0 /* ViewController.swift in Sources */ = {isa = PBXBuildFile; fileRef = 63951EBE2833E71D001DF8A0 /* ViewController.swift */; };
		63951EC22833E71D001DF8A0 /* Main.storyboard in Resources */ = {isa = PBXBuildFile; fileRef = 63951EC02833E71D001DF8A0 /* Main.storyboard */; };
		63951EC52833E71D001DF8A0 /* App2.xcdatamodeld in Sources */ = {isa = PBXBuildFile; fileRef = 63951EC32833E71D001DF8A0 /* App2.xcdatamodeld */; };
		63951EC72833E71F001DF8A0 /* Assets.xcassets in Resources */ = {isa = PBXBuildFile; fileRef = 63951EC62833E71F001DF8A0 /* Assets.xcassets */; };
		63951ECA2833E71F001DF8A0 /* LaunchScreen.storyboard in Resources */ = {isa = PBXBuildFile; fileRef = 63951EC82833E71F001DF8A0 /* LaunchScreen.storyboard */; };
		63951ED52833E720001DF8A0 /* App2Tests.swift in Sources */ = {isa = PBXBuildFile; fileRef = 63951ED42833E720001DF8A0 /* App2Tests.swift */; };
		63951EDF2833E720001DF8A0 /* App2UITests.swift in Sources */ = {isa = PBXBuildFile; fileRef = 63951EDE2833E720001DF8A0 /* App2UITests.swift */; };
		63951EE12833E720001DF8A0 /* App2UITestsLaunchTests.swift in Sources */ = {isa = PBXBuildFile; fileRef = 63951EE02833E720001DF8A0 /* App2UITestsLaunchTests.swift */; };
/* End PBXBuildFile section */

/* Begin PBXContainerItemProxy section */
		63951ED12833E720001DF8A0 /* PBXContainerItemProxy */ = {
			isa = PBXContainerItemProxy;
			containerPortal = 63951EAF2833E71D001DF8A0 /* Project object */;
			proxyType = 1;
			remoteGlobalIDString = 63951EB62833E71D001DF8A0;
			remoteInfo = App2;
		};
		63951EDB2833E720001DF8A0 /* PBXContainerItemProxy */ = {
			isa = PBXContainerItemProxy;
			containerPortal = 63951EAF2833E71D001DF8A0 /* Project object */;
			proxyType = 1;
			remoteGlobalIDString = 63951EB62833E71D001DF8A0;
			remoteInfo = App2;
		};
/* End PBXContainerItemProxy section */

/* Begin PBXFileReference section */
		63951EB72833E71D001DF8A0 /* App2.app */ = {isa = PBXFileReference; explicitFileType = wrapper.application; includeInIndex = 0; path = App2.app; sourceTree = BUILT_PRODUCTS_DIR; };
		63951EBA2833E71D001DF8A0 /* AppDelegate.swift */ = {isa = PBXFileReference; lastKnownFileType = sourcecode.swift; path = AppDelegate.swift; sourceTree = "<group>"; };
		63951EBC2833E71D001DF8A0 /* SceneDelegate.swift */ = {isa = PBXFileReference; lastKnownFileType = sourcecode.swift; path = SceneDelegate.swift; sourceTree = "<group>"; };
		63951EBE2833E71D001DF8A0 /* ViewController.swift */ = {isa = PBXFileReference; lastKnownFileType = sourcecode.swift; path = ViewController.swift; sourceTree = "<group>"; };
		63951EC12833E71D001DF8A0 /* Base */ = {isa = PBXFileReference; lastKnownFileType = file.storyboard; name = Base; path = Base.lproj/Main.storyboard; sourceTree = "<group>"; };
		63951EC42833E71D001DF8A0 /* App2.xcdatamodel */ = {isa = PBXFileReference; lastKnownFileType = wrapper.xcdatamodel; path = App2.xcdatamodel; sourceTree = "<group>"; };
		63951EC62833E71F001DF8A0 /* Assets.xcassets */ = {isa = PBXFileReference; lastKnownFileType = folder.assetcatalog; path = Assets.xcassets; sourceTree = "<group>"; };
		63951EC92833E71F001DF8A0 /* Base */ = {isa = PBXFileReference; lastKnownFileType = file.storyboard; name = Base; path = Base.lproj/LaunchScreen.storyboard; sourceTree = "<group>"; };
		63951ECB2833E71F001DF8A0 /* Info.plist */ = {isa = PBXFileReference; lastKnownFileType = text.plist.xml; path = Info.plist; sourceTree = "<group>"; };
		63951ED02833E720001DF8A0 /* App2Tests.xctest */ = {isa = PBXFileReference; explicitFileType = wrapper.cfbundle; includeInIndex = 0; path = App2Tests.xctest; sourceTree = BUILT_PRODUCTS_DIR; };
		63951ED42833E720001DF8A0 /* App2Tests.swift */ = {isa = PBXFileReference; lastKnownFileType = sourcecode.swift; path = App2Tests.swift; sourceTree = "<group>"; };
		63951EDA2833E720001DF8A0 /* App2UITests.xctest */ = {isa = PBXFileReference; explicitFileType = wrapper.cfbundle; includeInIndex = 0; path = App2UITests.xctest; sourceTree = BUILT_PRODUCTS_DIR; };
		63951EDE2833E720001DF8A0 /* App2UITests.swift */ = {isa = PBXFileReference; lastKnownFileType = sourcecode.swift; path = App2UITests.swift; sourceTree = "<group>"; };
		63951EE02833E720001DF8A0 /* App2UITestsLaunchTests.swift */ = {isa = PBXFileReference; lastKnownFileType = sourcecode.swift; path = App2UITestsLaunchTests.swift; sourceTree = "<group>"; };
/* End PBXFileReference section */

/* Begin PBXFrameworksBuildPhase section */
		63951EB42833E71D001DF8A0 /* Frameworks */ = {
			isa = PBXFrameworksBuildPhase;
			buildActionMask = 2147483647;
			files = (
			);
			runOnlyForDeploymentPostprocessing = 0;
		};
		63951ECD2833E720001DF8A0 /* Frameworks */ = {
			isa = PBXFrameworksBuildPhase;
			buildActionMask = 2147483647;
			files = (
			);
			runOnlyForDeploymentPostprocessing = 0;
		};
		63951ED72833E720001DF8A0 /* Frameworks */ = {
			isa = PBXFrameworksBuildPhase;
			buildActionMask = 2147483647;
			files = (
			);
			runOnlyForDeploymentPostprocessing = 0;
		};
/* End PBXFrameworksBuildPhase section */

/* Begin PBXGroup section */
		63951EAE2833E71D001DF8A0 = {
			isa = PBXGroup;
			children = (
				63951EB92833E71D001DF8A0 /* App2 */,
				63951ED32833E720001DF8A0 /* App2Tests */,
				63951EDD2833E720001DF8A0 /* App2UITests */,
				63951EB82833E71D001DF8A0 /* Products */,
			);
			sourceTree = "<group>";
		};
		63951EB82833E71D001DF8A0 /* Products */ = {
			isa = PBXGroup;
			children = (
				63951EB72833E71D001DF8A0 /* App2.app */,
				63951ED02833E720001DF8A0 /* App2Tests.xctest */,
				63951EDA2833E720001DF8A0 /* App2UITests.xctest */,
			);
			name = Products;
			sourceTree = "<group>";
		};
		63951EB92833E71D001DF8A0 /* App2 */ = {
			isa = PBXGroup;
			children = (
				63951EBA2833E71D001DF8A0 /* AppDelegate.swift */,
				63951EBC2833E71D001DF8A0 /* SceneDelegate.swift */,
				63951EBE2833E71D001DF8A0 /* ViewController.swift */,
				63951EC02833E71D001DF8A0 /* Main.storyboard */,
				63951EC62833E71F001DF8A0 /* Assets.xcassets */,
				63951EC82833E71F001DF8A0 /* LaunchScreen.storyboard */,
				63951ECB2833E71F001DF8A0 /* Info.plist */,
				63951EC32833E71D001DF8A0 /* App2.xcdatamodeld */,
			);
			path = App2;
			sourceTree = "<group>";
		};
		63951ED32833E720001DF8A0 /* App2Tests */ = {
			isa = PBXGroup;
			children = (
				63951ED42833E720001DF8A0 /* App2Tests.swift */,
			);
			path = App2Tests;
			sourceTree = "<group>";
		};
		63951EDD2833E720001DF8A0 /* App2UITests */ = {
			isa = PBXGroup;
			children = (
				63951EDE2833E720001DF8A0 /* App2UITests.swift */,
				63951EE02833E720001DF8A0 /* App2UITestsLaunchTests.swift */,
			);
			path = App2UITests;
			sourceTree = "<group>";
		};
/* End PBXGroup section */

/* Begin PBXNativeTarget section */
		63951EB62833E71D001DF8A0 /* App2 */ = {
			isa = PBXNativeTarget;
			buildConfigurationList = 63951EE42833E720001DF8A0 /* Build configuration list for PBXNativeTarget "App2" */;
			buildPhases = (
				63951EB32833E71D001DF8A0 /* Sources */,
				63951EB42833E71D001DF8A0 /* Frameworks */,
				63951EB52833E71D001DF8A0 /* Resources */,
			);
			buildRules = (
			);
			dependencies = (
			);
			name = App2;
			productName = App2;
			productReference = 63951EB72833E71D001DF8A0 /* App2.app */;
			productType = "com.apple.product-type.application";
		};
		63951ECF2833E720001DF8A0 /* App2Tests */ = {
			isa = PBXNativeTarget;
			buildConfigurationList = 63951EE72833E720001DF8A0 /* Build configuration list for PBXNativeTarget "App2Tests" */;
			buildPhases = (
				63951ECC2833E720001DF8A0 /* Sources */,
				63951ECD2833E720001DF8A0 /* Frameworks */,
				63951ECE2833E720001DF8A0 /* Resources */,
			);
			buildRules = (
			);
			dependencies = (
				63951ED22833E720001DF8A0 /* PBXTargetDependency */,
			);
			name = App2Tests;
			productName = App2Tests;
			productReference = 63951ED02833E720001DF8A0 /* App2Tests.xctest */;
			productType = "com.apple.product-type.bundle.unit-test";
		};
		63951ED92833E720001DF8A0 /* App2UITests */ = {
			isa = PBXNativeTarget;
			buildConfigurationList = 63951EEA2833E720001DF8A0 /* Build configuration list for PBXNativeTarget "App2UITests" */;
			buildPhases = (
				63951ED62833E720001DF8A0 /* Sources */,
				63951ED72833E720001DF8A0 /* Frameworks */,
				63951ED82833E720001DF8A0 /* Resources */,
			);
			buildRules = (
			);
			dependencies = (
				63951EDC2833E720001DF8A0 /* PBXTargetDependency */,
			);
			name = App2UITests;
			productName = App2UITests;
			productReference = 63951EDA2833E720001DF8A0 /* App2UITests.xctest */;
			productType = "com.apple.product-type.bundle.ui-testing";
		};
/* End PBXNativeTarget section */

/* Begin PBXProject section */
		63951EAF2833E71D001DF8A0 /* Project object */ = {
			isa = PBXProject;
			attributes = {
				BuildIndependentTargetsInParallel = 1;
				LastSwiftUpdateCheck = 1320;
				LastUpgradeCheck = 1320;
				TargetAttributes = {
					63951EB62833E71D001DF8A0 = {
						CreatedOnToolsVersion = 13.2.1;
					};
					63951ECF2833E720001DF8A0 = {
						CreatedOnToolsVersion = 13.2.1;
						TestTargetID = 63951EB62833E71D001DF8A0;
					};
					63951ED92833E720001DF8A0 = {
						CreatedOnToolsVersion = 13.2.1;
						TestTargetID = 63951EB62833E71D001DF8A0;
					};
				};
			};
			buildConfigurationList = 63951EB22833E71D001DF8A0 /* Build configuration list for PBXProject "App2" */;
			compatibilityVersion = "Xcode 13.0";
			developmentRegion = en;
			hasScannedForEncodings = 0;
			knownRegions = (
				en,
				Base,
			);
			mainGroup = 63951EAE2833E71D001DF8A0;
			productRefGroup = 63951EB82833E71D001DF8A0 /* Products */;
			projectDirPath = "";
			projectRoot = "";
			targets = (
				63951EB62833E71D001DF8A0 /* App2 */,
				63951ECF2833E720001DF8A0 /* App2Tests */,
				63951ED92833E720001DF8A0 /* App2UITests */,
			);
		};
/* End PBXProject section */

/* Begin PBXResourcesBuildPhase section */
		63951EB52833E71D001DF8A0 /* Resources */ = {
			isa = PBXResourcesBuildPhase;
			buildActionMask = 2147483647;
			files = (
				63951ECA2833E71F001DF8A0 /* LaunchScreen.storyboard in Resources */,
				63951EC72833E71F001DF8A0 /* Assets.xcassets in Resources */,
				63951EC22833E71D001DF8A0 /* Main.storyboard in Resources */,
			);
			runOnlyForDeploymentPostprocessing = 0;
		};
		63951ECE2833E720001DF8A0 /* Resources */ = {
			isa = PBXResourcesBuildPhase;
			buildActionMask = 2147483647;
			files = (
			);
			runOnlyForDeploymentPostprocessing = 0;
		};
		63951ED82833E720001DF8A0 /* Resources */ = {
			isa = PBXResourcesBuildPhase;
			buildActionMask = 2147483647;
			files = (
			);
			runOnlyForDeploymentPostprocessing = 0;
		};
/* End PBXResourcesBuildPhase section */

/* Begin PBXSourcesBuildPhase section */
		63951EB32833E71D001DF8A0 /* Sources */ = {
			isa = PBXSourcesBuildPhase;
			buildActionMask = 2147483647;
			files = (
				63951EC52833E71D001DF8A0 /* App2.xcdatamodeld in Sources */,
				63951EBF2833E71D001DF8A0 /* ViewController.swift in Sources */,
				63951EBB2833E71D001DF8A0 /* AppDelegate.swift in Sources */,
				63951EBD2833E71D001DF8A0 /* SceneDelegate.swift in Sources */,
			);
			runOnlyForDeploymentPostprocessing = 0;
		};
		63951ECC2833E720001DF8A0 /* Sources */ = {
			isa = PBXSourcesBuildPhase;
			buildActionMask = 2147483647;
			files = (
				63951ED52833E720001DF8A0 /* App2Tests.swift in Sources */,
			);
			runOnlyForDeploymentPostprocessing = 0;
		};
		63951ED62833E720001DF8A0 /* Sources */ = {
			isa = PBXSourcesBuildPhase;
			buildActionMask = 2147483647;
			files = (
				63951EDF2833E720001DF8A0 /* App2UITests.swift in Sources */,
				63951EE12833E720001DF8A0 /* App2UITestsLaunchTests.swift in Sources */,
			);
			runOnlyForDeploymentPostprocessing = 0;
		};
/* End PBXSourcesBuildPhase section */

/* Begin PBXTargetDependency section */
		63951ED22833E720001DF8A0 /* PBXTargetDependency */ = {
			isa = PBXTargetDependency;
			target = 63951EB62833E71D001DF8A0 /* App2 */;
			targetProxy = 63951ED12833E720001DF8A0 /* PBXContainerItemProxy */;
		};
		63951EDC2833E720001DF8A0 /* PBXTargetDependency */ = {
			isa = PBXTargetDependency;
			target = 63951EB62833E71D001DF8A0 /* App2 */;
			targetProxy = 63951EDB2833E720001DF8A0 /* PBXContainerItemProxy */;
		};
/* End PBXTargetDependency section */

/* Begin PBXVariantGroup section */
		63951EC02833E71D001DF8A0 /* Main.storyboard */ = {
			isa = PBXVariantGroup;
			children = (
				63951EC12833E71D001DF8A0 /* Base */,
			);
			name = Main.storyboard;
			sourceTree = "<group>";
		};
		63951EC82833E71F001DF8A0 /* LaunchScreen.storyboard */ = {
			isa = PBXVariantGroup;
			children = (
				63951EC92833E71F001DF8A0 /* Base */,
			);
			name = LaunchScreen.storyboard;
			sourceTree = "<group>";
		};
/* End PBXVariantGroup section */

/* Begin XCBuildConfiguration section */
		63951EE22833E720001DF8A0 /* Debug */ = {
			isa = XCBuildConfiguration;
			buildSettings = {
				ALWAYS_SEARCH_USER_PATHS = NO;
				CLANG_ANALYZER_NONNULL = YES;
				CLANG_ANALYZER_NUMBER_OBJECT_CONVERSION = YES_AGGRESSIVE;
				CLANG_CXX_LANGUAGE_STANDARD = "gnu++17";
				CLANG_CXX_LIBRARY = "libc++";
				CLANG_ENABLE_MODULES = YES;
				CLANG_ENABLE_OBJC_ARC = YES;
				CLANG_ENABLE_OBJC_WEAK = YES;
				CLANG_WARN_BLOCK_CAPTURE_AUTORELEASING = YES;
				CLANG_WARN_BOOL_CONVERSION = YES;
				CLANG_WARN_COMMA = YES;
				CLANG_WARN_CONSTANT_CONVERSION = YES;
				CLANG_WARN_DEPRECATED_OBJC_IMPLEMENTATIONS = YES;
				CLANG_WARN_DIRECT_OBJC_ISA_USAGE = YES_ERROR;
				CLANG_WARN_DOCUMENTATION_COMMENTS = YES;
				CLANG_WARN_EMPTY_BODY = YES;
				CLANG_WARN_ENUM_CONVERSION = YES;
				CLANG_WARN_INFINITE_RECURSION = YES;
				CLANG_WARN_INT_CONVERSION = YES;
				CLANG_WARN_NON_LITERAL_NULL_CONVERSION = YES;
				CLANG_WARN_OBJC_IMPLICIT_RETAIN_SELF = YES;
				CLANG_WARN_OBJC_LITERAL_CONVERSION = YES;
				CLANG_WARN_OBJC_ROOT_CLASS = YES_ERROR;
				CLANG_WARN_QUOTED_INCLUDE_IN_FRAMEWORK_HEADER = YES;
				CLANG_WARN_RANGE_LOOP_ANALYSIS = YES;
				CLANG_WARN_STRICT_PROTOTYPES = YES;
				CLANG_WARN_SUSPICIOUS_MOVE = YES;
				CLANG_WARN_UNGUARDED_AVAILABILITY = YES_AGGRESSIVE;
				CLANG_WARN_UNREACHABLE_CODE = YES;
				CLANG_WARN__DUPLICATE_METHOD_MATCH = YES;
				COPY_PHASE_STRIP = NO;
				DEBUG_INFORMATION_FORMAT = dwarf;
				ENABLE_STRICT_OBJC_MSGSEND = YES;
				ENABLE_TESTABILITY = YES;
				GCC_C_LANGUAGE_STANDARD = gnu11;
				GCC_DYNAMIC_NO_PIC = NO;
				GCC_NO_COMMON_BLOCKS = YES;
				GCC_OPTIMIZATION_LEVEL = 0;
				GCC_PREPROCESSOR_DEFINITIONS = (
					"DEBUG=1",
					"$(inherited)",
				);
				GCC_WARN_64_TO_32_BIT_CONVERSION = YES;
				GCC_WARN_ABOUT_RETURN_TYPE = YES_ERROR;
				GCC_WARN_UNDECLARED_SELECTOR = YES;
				GCC_WARN_UNINITIALIZED_AUTOS = YES_AGGRESSIVE;
				GCC_WARN_UNUSED_FUNCTION = YES;
				GCC_WARN_UNUSED_VARIABLE = YES;
				IPHONEOS_DEPLOYMENT_TARGET = 15.2;
				MTL_ENABLE_DEBUG_INFO = INCLUDE_SOURCE;
				MTL_FAST_MATH = YES;
				ONLY_ACTIVE_ARCH = YES;
				SDKROOT = iphoneos;
				SWIFT_ACTIVE_COMPILATION_CONDITIONS = DEBUG;
				SWIFT_OPTIMIZATION_LEVEL = "-Onone";
			};
			name = Debug;
		};
		63951EE32833E720001DF8A0 /* Release */ = {
			isa = XCBuildConfiguration;
			buildSettings = {
				ALWAYS_SEARCH_USER_PATHS = NO;
				CLANG_ANALYZER_NONNULL = YES;
				CLANG_ANALYZER_NUMBER_OBJECT_CONVERSION = YES_AGGRESSIVE;
				CLANG_CXX_LANGUAGE_STANDARD = "gnu++17";
				CLANG_CXX_LIBRARY = "libc++";
				CLANG_ENABLE_MODULES = YES;
				CLANG_ENABLE_OBJC_ARC = YES;
				CLANG_ENABLE_OBJC_WEAK = YES;
				CLANG_WARN_BLOCK_CAPTURE_AUTORELEASING = YES;
				CLANG_WARN_BOOL_CONVERSION = YES;
				CLANG_WARN_COMMA = YES;
				CLANG_WARN_CONSTANT_CONVERSION = YES;
				CLANG_WARN_DEPRECATED_OBJC_IMPLEMENTATIONS = YES;
				CLANG_WARN_DIRECT_OBJC_ISA_USAGE = YES_ERROR;
				CLANG_WARN_DOCUMENTATION_COMMENTS = YES;
				CLANG_WARN_EMPTY_BODY = YES;
				CLANG_WARN_ENUM_CONVERSION = YES;
				CLANG_WARN_INFINITE_RECURSION = YES;
				CLANG_WARN_INT_CONVERSION = YES;
				CLANG_WARN_NON_LITERAL_NULL_CONVERSION = YES;
				CLANG_WARN_OBJC_IMPLICIT_RETAIN_SELF = YES;
				CLANG_WARN_OBJC_LITERAL_CONVERSION = YES;
				CLANG_WARN_OBJC_ROOT_CLASS = YES_ERROR;
				CLANG_WARN_QUOTED_INCLUDE_IN_FRAMEWORK_HEADER = YES;
				CLANG_WARN_RANGE_LOOP_ANALYSIS = YES;
				CLANG_WARN_STRICT_PROTOTYPES = YES;
				CLANG_WARN_SUSPICIOUS_MOVE = YES;
				CLANG_WARN_UNGUARDED_AVAILABILITY = YES_AGGRESSIVE;
				CLANG_WARN_UNREACHABLE_CODE = YES;
				CLANG_WARN__DUPLICATE_METHOD_MATCH = YES;
				COPY_PHASE_STRIP = NO;
				DEBUG_INFORMATION_FORMAT = "dwarf-with-dsym";
				ENABLE_NS_ASSERTIONS = NO;
				ENABLE_STRICT_OBJC_MSGSEND = YES;
				GCC_C_LANGUAGE_STANDARD = gnu11;
				GCC_NO_COMMON_BLOCKS = YES;
				GCC_WARN_64_TO_32_BIT_CONVERSION = YES;
				GCC_WARN_ABOUT_RETURN_TYPE = YES_ERROR;
				GCC_WARN_UNDECLARED_SELECTOR = YES;
				GCC_WARN_UNINITIALIZED_AUTOS = YES_AGGRESSIVE;
				GCC_WARN_UNUSED_FUNCTION = YES;
				GCC_WARN_UNUSED_VARIABLE = YES;
				IPHONEOS_DEPLOYMENT_TARGET = 15.2;
				MTL_ENABLE_DEBUG_INFO = NO;
				MTL_FAST_MATH = YES;
				SDKROOT = iphoneos;
				SWIFT_COMPILATION_MODE = wholemodule;
				SWIFT_OPTIMIZATION_LEVEL = "-O";
				VALIDATE_PRODUCT = YES;
			};
			name = Release;
		};
		63951EE52833E720001DF8A0 /* Debug */ = {
			isa = XCBuildConfiguration;
			buildSettings = {
				ASSETCATALOG_COMPILER_APPICON_NAME = AppIcon;
				ASSETCATALOG_COMPILER_GLOBAL_ACCENT_COLOR_NAME = AccentColor;
				CODE_SIGN_STYLE = Automatic;
				CURRENT_PROJECT_VERSION = 1;
				DEVELOPMENT_TEAM = XE5HCSF28P;
				GENERATE_INFOPLIST_FILE = YES;
				INFOPLIST_FILE = App2/Info.plist;
				INFOPLIST_KEY_UIApplicationSupportsIndirectInputEvents = YES;
				INFOPLIST_KEY_UILaunchStoryboardName = LaunchScreen;
				INFOPLIST_KEY_UIMainStoryboardFile = Main;
				INFOPLIST_KEY_UISupportedInterfaceOrientations_iPad = "UIInterfaceOrientationPortrait UIInterfaceOrientationPortraitUpsideDown UIInterfaceOrientationLandscapeLeft UIInterfaceOrientationLandscapeRight";
				INFOPLIST_KEY_UISupportedInterfaceOrientations_iPhone = "UIInterfaceOrientationPortrait UIInterfaceOrientationLandscapeLeft UIInterfaceOrientationLandscapeRight";
				LD_RUNPATH_SEARCH_PATHS = (
					"$(inherited)",
					"@executable_path/Frameworks",
				);
				MARKETING_VERSION = 1.0;
				PRODUCT_BUNDLE_IDENTIFIER = coshare.App2;
				PRODUCT_NAME = "$(TARGET_NAME)";
				SWIFT_EMIT_LOC_STRINGS = YES;
				SWIFT_VERSION = 5.0;
				TARGETED_DEVICE_FAMILY = "1,2";
			};
			name = Debug;
		};
		63951EE62833E720001DF8A0 /* Release */ = {
			isa = XCBuildConfiguration;
			buildSettings = {
				ASSETCATALOG_COMPILER_APPICON_NAME = AppIcon;
				ASSETCATALOG_COMPILER_GLOBAL_ACCENT_COLOR_NAME = AccentColor;
				CODE_SIGN_STYLE = Automatic;
				CURRENT_PROJECT_VERSION = 1;
				DEVELOPMENT_TEAM = XE5HCSF28P;
				GENERATE_INFOPLIST_FILE = YES;
				INFOPLIST_FILE = App2/Info.plist;
				INFOPLIST_KEY_UIApplicationSupportsIndirectInputEvents = YES;
				INFOPLIST_KEY_UILaunchStoryboardName = LaunchScreen;
				INFOPLIST_KEY_UIMainStoryboardFile = Main;
				INFOPLIST_KEY_UISupportedInterfaceOrientations_iPad = "UIInterfaceOrientationPortrait UIInterfaceOrientationPortraitUpsideDown UIInterfaceOrientationLandscapeLeft UIInterfaceOrientationLandscapeRight";
				INFOPLIST_KEY_UISupportedInterfaceOrientations_iPhone = "UIInterfaceOrientationPortrait UIInterfaceOrientationLandscapeLeft UIInterfaceOrientationLandscapeRight";
				LD_RUNPATH_SEARCH_PATHS = (
					"$(inherited)",
					"@executable_path/Frameworks",
				);
				MARKETING_VERSION = 1.0;
				PRODUCT_BUNDLE_IDENTIFIER = coshare.App2;
				PRODUCT_NAME = "$(TARGET_NAME)";
				SWIFT_EMIT_LOC_STRINGS = YES;
				SWIFT_VERSION = 5.0;
				TARGETED_DEVICE_FAMILY = "1,2";
			};
			name = Release;
		};
		63951EE82833E720001DF8A0 /* Debug */ = {
			isa = XCBuildConfiguration;
			buildSettings = {
				ALWAYS_EMBED_SWIFT_STANDARD_LIBRARIES = YES;
				BUNDLE_LOADER = "$(TEST_HOST)";
				CODE_SIGN_STYLE = Automatic;
				CURRENT_PROJECT_VERSION = 1;
				DEVELOPMENT_TEAM = XE5HCSF28P;
				GENERATE_INFOPLIST_FILE = YES;
				IPHONEOS_DEPLOYMENT_TARGET = 15.2;
				MARKETING_VERSION = 1.0;
				PRODUCT_BUNDLE_IDENTIFIER = coshare.App2Tests;
				PRODUCT_NAME = "$(TARGET_NAME)";
				SWIFT_EMIT_LOC_STRINGS = NO;
				SWIFT_VERSION = 5.0;
				TARGETED_DEVICE_FAMILY = "1,2";
				TEST_HOST = "$(BUILT_PRODUCTS_DIR)/App2.app/App2";
			};
			name = Debug;
		};
		63951EE92833E720001DF8A0 /* Release */ = {
			isa = XCBuildConfiguration;
			buildSettings = {
				ALWAYS_EMBED_SWIFT_STANDARD_LIBRARIES = YES;
				BUNDLE_LOADER = "$(TEST_HOST)";
				CODE_SIGN_STYLE = Automatic;
				CURRENT_PROJECT_VERSION = 1;
				DEVELOPMENT_TEAM = XE5HCSF28P;
				GENERATE_INFOPLIST_FILE = YES;
				IPHONEOS_DEPLOYMENT_TARGET = 15.2;
				MARKETING_VERSION = 1.0;
				PRODUCT_BUNDLE_IDENTIFIER = coshare.App2Tests;
				PRODUCT_NAME = "$(TARGET_NAME)";
				SWIFT_EMIT_LOC_STRINGS = NO;
				SWIFT_VERSION = 5.0;
				TARGETED_DEVICE_FAMILY = "1,2";
				TEST_HOST = "$(BUILT_PRODUCTS_DIR)/App2.app/App2";
			};
			name = Release;
		};
		63951EEB2833E720001DF8A0 /* Debug */ = {
			isa = XCBuildConfiguration;
			buildSettings = {
				ALWAYS_EMBED_SWIFT_STANDARD_LIBRARIES = YES;
				CODE_SIGN_STYLE = Automatic;
				CURRENT_PROJECT_VERSION = 1;
				DEVELOPMENT_TEAM = XE5HCSF28P;
				GENERATE_INFOPLIST_FILE = YES;
				MARKETING_VERSION = 1.0;
				PRODUCT_BUNDLE_IDENTIFIER = coshare.App2UITests;
				PRODUCT_NAME = "$(TARGET_NAME)";
				SWIFT_EMIT_LOC_STRINGS = NO;
				SWIFT_VERSION = 5.0;
				TARGETED_DEVICE_FAMILY = "1,2";
				TEST_TARGET_NAME = App2;
			};
			name = Debug;
		};
		63951EEC2833E720001DF8A0 /* Release */ = {
			isa = XCBuildConfiguration;
			buildSettings = {
				ALWAYS_EMBED_SWIFT_STANDARD_LIBRARIES = YES;
				CODE_SIGN_STYLE = Automatic;
				CURRENT_PROJECT_VERSION = 1;
				DEVELOPMENT_TEAM = XE5HCSF28P;
				GENERATE_INFOPLIST_FILE = YES;
				MARKETING_VERSION = 1.0;
				PRODUCT_BUNDLE_IDENTIFIER = coshare.App2UITests;
				PRODUCT_NAME = "$(TARGET_NAME)";
				SWIFT_EMIT_LOC_STRINGS = NO;
				SWIFT_VERSION = 5.0;
				TARGETED_DEVICE_FAMILY = "1,2";
				TEST_TARGET_NAME = App2;
			};
			name = Release;
		};
/* End XCBuildConfiguration section */

/* Begin XCConfigurationList section */
		63951EB22833E71D001DF8A0 /* Build configuration list for PBXProject "App2" */ = {
			isa = XCConfigurationList;
			buildConfigurations = (
				63951EE22833E720001DF8A0 /* Debug */,
				63951EE32833E720001DF8A0 /* Release */,
			);
			defaultConfigurationIsVisible = 0;
			defaultConfigurationName = Release;
		};
		63951EE42833E720001DF8A0 /* Build configuration list for PBXNativeTarget "App2" */ = {
			isa = XCConfigurationList;
			buildConfigurations = (
				63951EE52833E720001DF8A0 /* Debug */,
				63951EE62833E720001DF8A0 /* Release */,
			);
			defaultConfigurationIsVisible = 0;
			defaultConfigurationName = Release;
		};
		63951EE72833E720001DF8A0 /* Build configuration list for PBXNativeTarget "App2Tests" */ = {
			isa = XCConfigurationList;
			buildConfigurations = (
				63951EE82833E720001DF8A0 /* Debug */,
				63951EE92833E720001DF8A0 /* Release */,
			);
			defaultConfigurationIsVisible = 0;
			defaultConfigurationName = Release;
		};
		63951EEA2833E720001DF8A0 /* Build configuration list for PBXNativeTarget "App2UITests" */ = {
			isa = XCConfigurationList;
			buildConfigurations = (
				63951EEB2833E720001DF8A0 /* Debug */,
				63951EEC2833E720001DF8A0 /* Release */,
			);
			defaultConfigurationIsVisible = 0;
			defaultConfigurationName = Release;
		};
/* End XCConfigurationList section */

/* Begin XCVersionGroup section */
		63951EC32833E71D001DF8A0 /* App2.xcdatamodeld */ = {
			isa = XCVersionGroup;
			children = (
				63951EC42833E71D001DF8A0 /* App2.xcdatamodel */,
			);
			currentVersion = 63951EC42833E71D001DF8A0 /* App2.xcdatamodel */;
			path = App2.xcdatamodeld;
			sourceTree = "<group>";
			versionGroupType = wrapper.xcdatamodel;
		};
/* End XCVersionGroup section */
	};
	rootObject = 63951EAF2833E71D001DF8A0 /* Project object */;
}
